# Code generated by scarb DO NOT EDIT.
version = 1

[[package]]
name = "alexandria_bytes"
version = "0.1.0"
source = "git+https://github.com/keep-starknet-strange/alexandria#d32162a1bbf5b7c8220d7858ebec7837c50ffbb3"
dependencies = [
 "alexandria_data_structures",
 "alexandria_math",
]

[[package]]
name = "alexandria_data_structures"
version = "0.1.0"
source = "git+https://github.com/keep-starknet-strange/alexandria#d32162a1bbf5b7c8220d7858ebec7837c50ffbb3"
dependencies = [
 "alexandria_encoding",
]

[[package]]
name = "alexandria_encoding"
version = "0.1.0"
source = "git+https://github.com/keep-starknet-strange/alexandria#d32162a1bbf5b7c8220d7858ebec7837c50ffbb3"
dependencies = [
 "alexandria_math",
]

[[package]]
name = "alexandria_math"
version = "0.2.0"
source = "git+https://github.com/keep-starknet-strange/alexandria#d32162a1bbf5b7c8220d7858ebec7837c50ffbb3"
dependencies = [
 "alexandria_data_structures",
]

[[package]]
name = "meson_starknet"
version = "0.1.0"
dependencies = [
 "alexandria_bytes",
 "alexandria_math",
 "openzeppelin",
 "snforge_std",
]

[[package]]
name = "openzeppelin"
version = "0.8.0"
source = "git+https://github.com/openzeppelin/cairo-contracts#2ac2c3ec4456370e862babe80e8344454aa528de"

[[package]]
name = "snforge_std"
version = "0.1.0"
source = "git+https://github.com/foundry-rs/starknet-foundry#24c9453e0fc296c37e2c16f1db50554bd6baa41f"
